// !$*UTF8*$!
{
	archiveVersion = 1;
	classes = {
	};
	objectVersion = 50;
	objects = {

/* Begin PBXBuildFile section */
		ACEA307F25B5858E00D0C2A5 /* ShopsApp.swift in Sources */ = {isa = PBXBuildFile; fileRef = ACEA307E25B5858E00D0C2A5 /* ShopsApp.swift */; };
		ACEA308125B5858E00D0C2A5 /* ContentView.swift in Sources */ = {isa = PBXBuildFile; fileRef = ACEA308025B5858E00D0C2A5 /* ContentView.swift */; };
		ACEA308325B5859000D0C2A5 /* Assets.xcassets in Resources */ = {isa = PBXBuildFile; fileRef = ACEA308225B5859000D0C2A5 /* Assets.xcassets */; };
		ACEA308625B5859000D0C2A5 /* Preview Assets.xcassets in Resources */ = {isa = PBXBuildFile; fileRef = ACEA308525B5859000D0C2A5 /* Preview Assets.xcassets */; };
		ACEA309425B587C700D0C2A5 /* category.json in Resources */ = {isa = PBXBuildFile; fileRef = ACEA309025B587C700D0C2A5 /* category.json */; };
		ACEA309525B587C700D0C2A5 /* product.json in Resources */ = {isa = PBXBuildFile; fileRef = ACEA309125B587C700D0C2A5 /* product.json */; };
		ACEA309625B587C700D0C2A5 /* player.json in Resources */ = {isa = PBXBuildFile; fileRef = ACEA309225B587C700D0C2A5 /* player.json */; };
		ACEA309725B587C700D0C2A5 /* brand.json in Resources */ = {isa = PBXBuildFile; fileRef = ACEA309325B587C700D0C2A5 /* brand.json */; };
		ACEA30A325B58ABA00D0C2A5 /* Constant.swift in Sources */ = {isa = PBXBuildFile; fileRef = ACEA30A225B58ABA00D0C2A5 /* Constant.swift */; };
		ACEA30A625B58BDD00D0C2A5 /* FooterView.swift in Sources */ = {isa = PBXBuildFile; fileRef = ACEA30A525B58BDD00D0C2A5 /* FooterView.swift */; };
/* End PBXBuildFile section */

/* Begin PBXFileReference section */
		ACEA307B25B5858E00D0C2A5 /* Shops.app */ = {isa = PBXFileReference; explicitFileType = wrapper.application; includeInIndex = 0; path = Shops.app; sourceTree = BUILT_PRODUCTS_DIR; };
		ACEA307E25B5858E00D0C2A5 /* ShopsApp.swift */ = {isa = PBXFileReference; lastKnownFileType = sourcecode.swift; path = ShopsApp.swift; sourceTree = "<group>"; };
		ACEA308025B5858E00D0C2A5 /* ContentView.swift */ = {isa = PBXFileReference; lastKnownFileType = sourcecode.swift; path = ContentView.swift; sourceTree = "<group>"; };
		ACEA308225B5859000D0C2A5 /* Assets.xcassets */ = {isa = PBXFileReference; lastKnownFileType = folder.assetcatalog; path = Assets.xcassets; sourceTree = "<group>"; };
		ACEA308525B5859000D0C2A5 /* Preview Assets.xcassets */ = {isa = PBXFileReference; lastKnownFileType = folder.assetcatalog; path = "Preview Assets.xcassets"; sourceTree = "<group>"; };
		ACEA308725B5859000D0C2A5 /* Info.plist */ = {isa = PBXFileReference; lastKnownFileType = text.plist.xml; path = Info.plist; sourceTree = "<group>"; };
		ACEA309025B587C700D0C2A5 /* category.json */ = {isa = PBXFileReference; fileEncoding = 4; lastKnownFileType = text.json; path = category.json; sourceTree = "<group>"; };
		ACEA309125B587C700D0C2A5 /* product.json */ = {isa = PBXFileReference; fileEncoding = 4; lastKnownFileType = text.json; path = product.json; sourceTree = "<group>"; };
		ACEA309225B587C700D0C2A5 /* player.json */ = {isa = PBXFileReference; fileEncoding = 4; lastKnownFileType = text.json; path = player.json; sourceTree = "<group>"; };
		ACEA309325B587C700D0C2A5 /* brand.json */ = {isa = PBXFileReference; fileEncoding = 4; lastKnownFileType = text.json; path = brand.json; sourceTree = "<group>"; };
		ACEA30A225B58ABA00D0C2A5 /* Constant.swift */ = {isa = PBXFileReference; lastKnownFileType = sourcecode.swift; path = Constant.swift; sourceTree = "<group>"; };
		ACEA30A525B58BDD00D0C2A5 /* FooterView.swift */ = {isa = PBXFileReference; lastKnownFileType = sourcecode.swift; path = FooterView.swift; sourceTree = "<group>"; };
/* End PBXFileReference section */

/* Begin PBXFrameworksBuildPhase section */
		ACEA307825B5858E00D0C2A5 /* Frameworks */ = {
			isa = PBXFrameworksBuildPhase;
			buildActionMask = 2147483647;
			files = (
			);
			runOnlyForDeploymentPostprocessing = 0;
		};
/* End PBXFrameworksBuildPhase section */

/* Begin PBXGroup section */
		ACEA307225B5858E00D0C2A5 = {
			isa = PBXGroup;
			children = (
				ACEA307D25B5858E00D0C2A5 /* Shops */,
				ACEA307C25B5858E00D0C2A5 /* Products */,
			);
			sourceTree = "<group>";
		};
		ACEA307C25B5858E00D0C2A5 /* Products */ = {
			isa = PBXGroup;
			children = (
				ACEA307B25B5858E00D0C2A5 /* Shops.app */,
			);
			name = Products;
			sourceTree = "<group>";
		};
		ACEA307D25B5858E00D0C2A5 /* Shops */ = {
			isa = PBXGroup;
			children = (
				ACEA309A25B5895200D0C2A5 /* App */,
				ACEA309B25B5895D00D0C2A5 /* View */,
				ACEA30A125B589B900D0C2A5 /* Data */,
				ACEA309E25B5897F00D0C2A5 /* Model */,
				ACEA308F25B587B400D0C2A5 /* JSONFile */,
				ACEA309F25B5898400D0C2A5 /* Extension */,
				ACEA30A025B5898C00D0C2A5 /* Utility */,
				ACEA308725B5859000D0C2A5 /* Info.plist */,
				ACEA308225B5859000D0C2A5 /* Assets.xcassets */,
				ACEA308425B5859000D0C2A5 /* Preview Content */,
			);
			path = Shops;
			sourceTree = "<group>";
		};
		ACEA308425B5859000D0C2A5 /* Preview Content */ = {
			isa = PBXGroup;
			children = (
				ACEA308525B5859000D0C2A5 /* Preview Assets.xcassets */,
			);
			path = "Preview Content";
			sourceTree = "<group>";
		};
		ACEA308F25B587B400D0C2A5 /* JSONFile */ = {
			isa = PBXGroup;
			children = (
				ACEA309325B587C700D0C2A5 /* brand.json */,
				ACEA309025B587C700D0C2A5 /* category.json */,
				ACEA309225B587C700D0C2A5 /* player.json */,
				ACEA309125B587C700D0C2A5 /* product.json */,
			);
			path = JSONFile;
			sourceTree = "<group>";
		};
		ACEA309A25B5895200D0C2A5 /* App */ = {
			isa = PBXGroup;
			children = (
				ACEA307E25B5858E00D0C2A5 /* ShopsApp.swift */,
				ACEA308025B5858E00D0C2A5 /* ContentView.swift */,
			);
			path = App;
			sourceTree = "<group>";
		};
		ACEA309B25B5895D00D0C2A5 /* View */ = {
			isa = PBXGroup;
			children = (
				ACEA309C25B5896100D0C2A5 /* Home */,
				ACEA309D25B5896500D0C2A5 /* Detail */,
			);
			path = View;
			sourceTree = "<group>";
		};
		ACEA309C25B5896100D0C2A5 /* Home */ = {
			isa = PBXGroup;
			children = (
				ACEA30A525B58BDD00D0C2A5 /* FooterView.swift */,
			);
			path = Home;
			sourceTree = "<group>";
		};
		ACEA309D25B5896500D0C2A5 /* Detail */ = {
			isa = PBXGroup;
			children = (
			);
			path = Detail;
			sourceTree = "<group>";
		};
		ACEA309E25B5897F00D0C2A5 /* Model */ = {
			isa = PBXGroup;
			children = (
			);
			path = Model;
			sourceTree = "<group>";
		};
		ACEA309F25B5898400D0C2A5 /* Extension */ = {
			isa = PBXGroup;
			children = (
				ACEA30A225B58ABA00D0C2A5 /* Constant.swift */,
			);
			path = Extension;
			sourceTree = "<group>";
		};
		ACEA30A025B5898C00D0C2A5 /* Utility */ = {
			isa = PBXGroup;
			children = (
			);
			path = Utility;
			sourceTree = "<group>";
		};
		ACEA30A125B589B900D0C2A5 /* Data */ = {
			isa = PBXGroup;
			children = (
			);
			path = Data;
			sourceTree = "<group>";
		};
/* End PBXGroup section */

/* Begin PBXNativeTarget section */
		ACEA307A25B5858E00D0C2A5 /* Shops */ = {
			isa = PBXNativeTarget;
			buildConfigurationList = ACEA308A25B5859000D0C2A5 /* Build configuration list for PBXNativeTarget "Shops" */;
			buildPhases = (
				ACEA307725B5858E00D0C2A5 /* Sources */,
				ACEA307825B5858E00D0C2A5 /* Frameworks */,
				ACEA307925B5858E00D0C2A5 /* Resources */,
			);
			buildRules = (
			);
			dependencies = (
			);
			name = Shops;
			productName = Shops;
			productReference = ACEA307B25B5858E00D0C2A5 /* Shops.app */;
			productType = "com.apple.product-type.application";
		};
/* End PBXNativeTarget section */

/* Begin PBXProject section */
		ACEA307325B5858E00D0C2A5 /* Project object */ = {
			isa = PBXProject;
			attributes = {
				LastSwiftUpdateCheck = 1230;
				LastUpgradeCheck = 1230;
				TargetAttributes = {
					ACEA307A25B5858E00D0C2A5 = {
						CreatedOnToolsVersion = 12.3;
					};
				};
			};
			buildConfigurationList = ACEA307625B5858E00D0C2A5 /* Build configuration list for PBXProject "Shops" */;
			compatibilityVersion = "Xcode 9.3";
			developmentRegion = en;
			hasScannedForEncodings = 0;
			knownRegions = (
				en,
				Base,
			);
			mainGroup = ACEA307225B5858E00D0C2A5;
			productRefGroup = ACEA307C25B5858E00D0C2A5 /* Products */;
			projectDirPath = "";
			projectRoot = "";
			targets = (
				ACEA307A25B5858E00D0C2A5 /* Shops */,
			);
		};
/* End PBXProject section */

/* Begin PBXResourcesBuildPhase section */
		ACEA307925B5858E00D0C2A5 /* Resources */ = {
			isa = PBXResourcesBuildPhase;
			buildActionMask = 2147483647;
			files = (
				ACEA309625B587C700D0C2A5 /* player.json in Resources */,
				ACEA309425B587C700D0C2A5 /* category.json in Resources */,
				ACEA309525B587C700D0C2A5 /* product.json in Resources */,
				ACEA308625B5859000D0C2A5 /* Preview Assets.xcassets in Resources */,
				ACEA308325B5859000D0C2A5 /* Assets.xcassets in Resources */,
				ACEA309725B587C700D0C2A5 /* brand.json in Resources */,
			);
			runOnlyForDeploymentPostprocessing = 0;
		};
/* End PBXResourcesBuildPhase section */

/* Begin PBXSourcesBuildPhase section */
		ACEA307725B5858E00D0C2A5 /* Sources */ = {
			isa = PBXSourcesBuildPhase;
			buildActionMask = 2147483647;
			files = (
				ACEA308125B5858E00D0C2A5 /* ContentView.swift in Sources */,
				ACEA30A625B58BDD00D0C2A5 /* FooterView.swift in Sources */,
				ACEA307F25B5858E00D0C2A5 /* ShopsApp.swift in Sources */,
				ACEA30A325B58ABA00D0C2A5 /* Constant.swift in Sources */,
			);
			runOnlyForDeploymentPostprocessing = 0;
		};
/* End PBXSourcesBuildPhase section */

/* Begin XCBuildConfiguration section */
		ACEA308825B5859000D0C2A5 /* Debug */ = {
			isa = XCBuildConfiguration;
			buildSettings = {
				ALWAYS_SEARCH_USER_PATHS = NO;
				CLANG_ANALYZER_NONNULL = YES;
				CLANG_ANALYZER_NUMBER_OBJECT_CONVERSION = YES_AGGRESSIVE;
				CLANG_CXX_LANGUAGE_STANDARD = "gnu++14";
				CLANG_CXX_LIBRARY = "libc++";
				CLANG_ENABLE_MODULES = YES;
				CLANG_ENABLE_OBJC_ARC = YES;
				CLANG_ENABLE_OBJC_WEAK = YES;
				CLANG_WARN_BLOCK_CAPTURE_AUTORELEASING = YES;
				CLANG_WARN_BOOL_CONVERSION = YES;
				CLANG_WARN_COMMA = YES;
				CLANG_WARN_CONSTANT_CONVERSION = YES;
				CLANG_WARN_DEPRECATED_OBJC_IMPLEMENTATIONS = YES;
				CLANG_WARN_DIRECT_OBJC_ISA_USAGE = YES_ERROR;
				CLANG_WARN_DOCUMENTATION_COMMENTS = YES;
				CLANG_WARN_EMPTY_BODY = YES;
				CLANG_WARN_ENUM_CONVERSION = YES;
				CLANG_WARN_INFINITE_RECURSION = YES;
				CLANG_WARN_INT_CONVERSION = YES;
				CLANG_WARN_NON_LITERAL_NULL_CONVERSION = YES;
				CLANG_WARN_OBJC_IMPLICIT_RETAIN_SELF = YES;
				CLANG_WARN_OBJC_LITERAL_CONVERSION = YES;
				CLANG_WARN_OBJC_ROOT_CLASS = YES_ERROR;
				CLANG_WARN_QUOTED_INCLUDE_IN_FRAMEWORK_HEADER = YES;
				CLANG_WARN_RANGE_LOOP_ANALYSIS = YES;
				CLANG_WARN_STRICT_PROTOTYPES = YES;
				CLANG_WARN_SUSPICIOUS_MOVE = YES;
				CLANG_WARN_UNGUARDED_AVAILABILITY = YES_AGGRESSIVE;
				CLANG_WARN_UNREACHABLE_CODE = YES;
				CLANG_WARN__DUPLICATE_METHOD_MATCH = YES;
				COPY_PHASE_STRIP = NO;
				DEBUG_INFORMATION_FORMAT = dwarf;
				ENABLE_STRICT_OBJC_MSGSEND = YES;
				ENABLE_TESTABILITY = YES;
				GCC_C_LANGUAGE_STANDARD = gnu11;
				GCC_DYNAMIC_NO_PIC = NO;
				GCC_NO_COMMON_BLOCKS = YES;
				GCC_OPTIMIZATION_LEVEL = 0;
				GCC_PREPROCESSOR_DEFINITIONS = (
					"DEBUG=1",
					"$(inherited)",
				);
				GCC_WARN_64_TO_32_BIT_CONVERSION = YES;
				GCC_WARN_ABOUT_RETURN_TYPE = YES_ERROR;
				GCC_WARN_UNDECLARED_SELECTOR = YES;
				GCC_WARN_UNINITIALIZED_AUTOS = YES_AGGRESSIVE;
				GCC_WARN_UNUSED_FUNCTION = YES;
				GCC_WARN_UNUSED_VARIABLE = YES;
				IPHONEOS_DEPLOYMENT_TARGET = 14.3;
				MTL_ENABLE_DEBUG_INFO = INCLUDE_SOURCE;
				MTL_FAST_MATH = YES;
				ONLY_ACTIVE_ARCH = YES;
				SDKROOT = iphoneos;
				SWIFT_ACTIVE_COMPILATION_CONDITIONS = DEBUG;
				SWIFT_OPTIMIZATION_LEVEL = "-Onone";
			};
			name = Debug;
		};
		ACEA308925B5859000D0C2A5 /* Release */ = {
			isa = XCBuildConfiguration;
			buildSettings = {
				ALWAYS_SEARCH_USER_PATHS = NO;
				CLANG_ANALYZER_NONNULL = YES;
				CLANG_ANALYZER_NUMBER_OBJECT_CONVERSION = YES_AGGRESSIVE;
				CLANG_CXX_LANGUAGE_STANDARD = "gnu++14";
				CLANG_CXX_LIBRARY = "libc++";
				CLANG_ENABLE_MODULES = YES;
				CLANG_ENABLE_OBJC_ARC = YES;
				CLANG_ENABLE_OBJC_WEAK = YES;
				CLANG_WARN_BLOCK_CAPTURE_AUTORELEASING = YES;
				CLANG_WARN_BOOL_CONVERSION = YES;
				CLANG_WARN_COMMA = YES;
				CLANG_WARN_CONSTANT_CONVERSION = YES;
				CLANG_WARN_DEPRECATED_OBJC_IMPLEMENTATIONS = YES;
				CLANG_WARN_DIRECT_OBJC_ISA_USAGE = YES_ERROR;
				CLANG_WARN_DOCUMENTATION_COMMENTS = YES;
				CLANG_WARN_EMPTY_BODY = YES;
				CLANG_WARN_ENUM_CONVERSION = YES;
				CLANG_WARN_INFINITE_RECURSION = YES;
				CLANG_WARN_INT_CONVERSION = YES;
				CLANG_WARN_NON_LITERAL_NULL_CONVERSION = YES;
				CLANG_WARN_OBJC_IMPLICIT_RETAIN_SELF = YES;
				CLANG_WARN_OBJC_LITERAL_CONVERSION = YES;
				CLANG_WARN_OBJC_ROOT_CLASS = YES_ERROR;
				CLANG_WARN_QUOTED_INCLUDE_IN_FRAMEWORK_HEADER = YES;
				CLANG_WARN_RANGE_LOOP_ANALYSIS = YES;
				CLANG_WARN_STRICT_PROTOTYPES = YES;
				CLANG_WARN_SUSPICIOUS_MOVE = YES;
				CLANG_WARN_UNGUARDED_AVAILABILITY = YES_AGGRESSIVE;
				CLANG_WARN_UNREACHABLE_CODE = YES;
				CLANG_WARN__DUPLICATE_METHOD_MATCH = YES;
				COPY_PHASE_STRIP = NO;
				DEBUG_INFORMATION_FORMAT = "dwarf-with-dsym";
				ENABLE_NS_ASSERTIONS = NO;
				ENABLE_STRICT_OBJC_MSGSEND = YES;
				GCC_C_LANGUAGE_STANDARD = gnu11;
				GCC_NO_COMMON_BLOCKS = YES;
				GCC_WARN_64_TO_32_BIT_CONVERSION = YES;
				GCC_WARN_ABOUT_RETURN_TYPE = YES_ERROR;
				GCC_WARN_UNDECLARED_SELECTOR = YES;
				GCC_WARN_UNINITIALIZED_AUTOS = YES_AGGRESSIVE;
				GCC_WARN_UNUSED_FUNCTION = YES;
				GCC_WARN_UNUSED_VARIABLE = YES;
				IPHONEOS_DEPLOYMENT_TARGET = 14.3;
				MTL_ENABLE_DEBUG_INFO = NO;
				MTL_FAST_MATH = YES;
				SDKROOT = iphoneos;
				SWIFT_COMPILATION_MODE = wholemodule;
				SWIFT_OPTIMIZATION_LEVEL = "-O";
				VALIDATE_PRODUCT = YES;
			};
			name = Release;
		};
		ACEA308B25B5859000D0C2A5 /* Debug */ = {
			isa = XCBuildConfiguration;
			buildSettings = {
				ASSETCATALOG_COMPILER_APPICON_NAME = AppIcon;
				ASSETCATALOG_COMPILER_GLOBAL_ACCENT_COLOR_NAME = AccentColor;
				CODE_SIGN_STYLE = Automatic;
				DEVELOPMENT_ASSET_PATHS = "\"Shops/Preview Content\"";
				DEVELOPMENT_TEAM = 224SJKKLQ3;
				ENABLE_PREVIEWS = YES;
				INFOPLIST_FILE = Shops/Info.plist;
				IPHONEOS_DEPLOYMENT_TARGET = 14.0;
				LD_RUNPATH_SEARCH_PATHS = (
					"$(inherited)",
					"@executable_path/Frameworks",
				);
				PRODUCT_BUNDLE_IDENTIFIER = iMaxiOS.Shops;
				PRODUCT_NAME = "$(TARGET_NAME)";
				SWIFT_VERSION = 5.0;
				TARGETED_DEVICE_FAMILY = "1,2";
			};
			name = Debug;
		};
		ACEA308C25B5859000D0C2A5 /* Release */ = {
			isa = XCBuildConfiguration;
			buildSettings = {
				ASSETCATALOG_COMPILER_APPICON_NAME = AppIcon;
				ASSETCATALOG_COMPILER_GLOBAL_ACCENT_COLOR_NAME = AccentColor;
				CODE_SIGN_STYLE = Automatic;
				DEVELOPMENT_ASSET_PATHS = "\"Shops/Preview Content\"";
				DEVELOPMENT_TEAM = 224SJKKLQ3;
				ENABLE_PREVIEWS = YES;
				INFOPLIST_FILE = Shops/Info.plist;
				IPHONEOS_DEPLOYMENT_TARGET = 14.0;
				LD_RUNPATH_SEARCH_PATHS = (
					"$(inherited)",
					"@executable_path/Frameworks",
				);
				PRODUCT_BUNDLE_IDENTIFIER = iMaxiOS.Shops;
				PRODUCT_NAME = "$(TARGET_NAME)";
				SWIFT_VERSION = 5.0;
				TARGETED_DEVICE_FAMILY = "1,2";
			};
			name = Release;
		};
/* End XCBuildConfiguration section */

/* Begin XCConfigurationList section */
		ACEA307625B5858E00D0C2A5 /* Build configuration list for PBXProject "Shops" */ = {
			isa = XCConfigurationList;
			buildConfigurations = (
				ACEA308825B5859000D0C2A5 /* Debug */,
				ACEA308925B5859000D0C2A5 /* Release */,
			);
			defaultConfigurationIsVisible = 0;
			defaultConfigurationName = Release;
		};
		ACEA308A25B5859000D0C2A5 /* Build configuration list for PBXNativeTarget "Shops" */ = {
			isa = XCConfigurationList;
			buildConfigurations = (
				ACEA308B25B5859000D0C2A5 /* Debug */,
				ACEA308C25B5859000D0C2A5 /* Release */,
			);
			defaultConfigurationIsVisible = 0;
			defaultConfigurationName = Release;
		};
/* End XCConfigurationList section */
	};
	rootObject = ACEA307325B5858E00D0C2A5 /* Project object */;
}
